
Microsoft Visual Studio Solution File, Format Version 12.00
# Visual Studio Version 16
VisualStudioVersion = 16.0.31105.61
MinimumVisualStudioVersion = 10.0.40219.1
Project("{FAE04EC0-301F-11D3-BF4B-00C04F79EFBC}") = "BarcodePrinter", "BarcodePrinter\BarcodePrinter.csproj", "{67C91DC7-5890-417C-836D-D450377D76E7}"
EndProject
Project("{FAE04EC0-301F-11D3-BF4B-00C04F79EFBC}") = "ClassLibraryModel", "ClassLibraryModel\ClassLibraryModel.csproj", "{8789BF66-CC09-40E2-905F-846F65B91B3A}"
EndProject
Global
	GlobalSection(SolutionConfigurationPlatforms) = preSolution
		Debug|Any CPU = Debug|Any CPU
		Release|Any CPU = Release|Any CPU
	EndGlobalSection
	GlobalSection(ProjectConfigurationPlatforms) = postSolution
		{67C91DC7-5890-417C-836D-D450377D76E7}.Debug|Any CPU.ActiveCfg = Debug|Any CPU
		{67C91DC7-5890-417C-836D-D450377D76E7}.Debug|Any CPU.Build.0 = Debug|Any CPU
		{67C91DC7-5890-417C-836D-D450377D76E7}.Release|Any CPU.ActiveCfg = Release|Any CPU
		{67C91DC7-5890-417C-836D-D450377D76E7}.Release|Any CPU.Build.0 = Release|Any CPU
		{8789BF66-CC09-40E2-905F-846F65B91B3A}.Debug|Any CPU.ActiveCfg = Debug|Any CPU
		{8789BF66-CC09-40E2-905F-846F65B91B3A}.Debug|Any CPU.Build.0 = Debug|Any CPU
		{8789BF66-CC09-40E2-905F-846F65B91B3A}.Release|Any CPU.ActiveCfg = Release|Any CPU
		{8789BF66-CC09-40E2-905F-846F65B91B3A}.Release|Any CPU.Build.0 = Release|Any CPU
	EndGlobalSection
	GlobalSection(SolutionProperties) = preSolution
		HideSolutionNode = FALSE
	EndGlobalSection
	GlobalSection(ExtensibilityGlobals) = postSolution
		SolutionGuid = {2D2F22F7-119F-4F74-8BCC-E79710B63547}
	EndGlobalSection
EndGlobal
